
Microsoft Visual Studio Solution File, Format Version 12.00
# Visual Studio Version 16
VisualStudioVersion = 16.0.30204.135
MinimumVisualStudioVersion = 10.0.40219.1
Project("{8BC9CEB8-8B4A-11D0-8D11-00A0C91BC942}") = "OOPLab 2.3", "OOPLab 2.3\OOPLab 2.3.vcxproj", "{36CE81EC-B466-4374-ABE4-FC665AEAF7A4}"
EndProject
Global
	GlobalSection(SolutionConfigurationPlatforms) = preSolution
		Debug|x64 = Debug|x64
		Debug|x86 = Debug|x86
		Release|x64 = Release|x64
		Release|x86 = Release|x86
	EndGlobalSection
	GlobalSection(ProjectConfigurationPlatforms) = postSolution
		{36CE81EC-B466-4374-ABE4-FC665AEAF7A4}.Debug|x64.ActiveCfg = Debug|x64
		{36CE81EC-B466-4374-ABE4-FC665AEAF7A4}.Debug|x64.Build.0 = Debug|x64
		{36CE81EC-B466-4374-ABE4-FC665AEAF7A4}.Debug|x86.ActiveCfg = Debug|Win32
		{36CE81EC-B466-4374-ABE4-FC665AEAF7A4}.Debug|x86.Build.0 = Debug|Win32
		{36CE81EC-B466-4374-ABE4-FC665AEAF7A4}.Release|x64.ActiveCfg = Release|x64
		{36CE81EC-B466-4374-ABE4-FC665AEAF7A4}.Release|x64.Build.0 = Release|x64
		{36CE81EC-B466-4374-ABE4-FC665AEAF7A4}.Release|x86.ActiveCfg = Release|Win32
		{36CE81EC-B466-4374-ABE4-FC665AEAF7A4}.Release|x86.Build.0 = Release|Win32
	EndGlobalSection
	GlobalSection(SolutionProperties) = preSolution
		HideSolutionNode = FALSE
	EndGlobalSection
	GlobalSection(ExtensibilityGlobals) = postSolution
		SolutionGuid = {DBADE8E2-1FAB-4675-984F-FBFC7F4447C6}
	EndGlobalSection
EndGlobal
